
Microsoft Visual Studio Solution File, Format Version 12.00
# Visual Studio Version 17
VisualStudioVersion = 17.0.31903.59
MinimumVisualStudioVersion = 10.0.40219.1
Project("{2150E333-8FDC-42A3-9474-1A3956D46DE8}") = "src", "src", "{EC7E6E92-022A-454B-AA75-D4689B59275F}"
EndProject
Project("{FAE04EC0-301F-11D3-BF4B-00C04F79EFBC}") = "HamstasKitties.Shared", "src\HamstasKitties.Shared\HamstasKitties.Shared.csproj", "{F1939D00-0446-4D5F-9FDA-B4CCA63816DF}"
EndProject
Project("{FAE04EC0-301F-11D3-BF4B-00C04F79EFBC}") = "HamstasKitties.Desktop", "src\HamstasKitties.Desktop\HamstasKitties.Desktop.csproj", "{B1346429-C16D-4AFE-BFF2-ADC8C1937878}"
EndProject
Project("{2150E333-8FDC-42A3-9474-1A3956D46DE8}") = "tests", "tests", "{EF103BD6-54F8-4F2F-994D-62C0189F3915}"
EndProject
Project("{FAE04EC0-301F-11D3-BF4B-00C04F79EFBC}") = "HamstasKitties.Shared.Tests", "tests\HamstasKitties.Shared.Tests\HamstasKitties.Shared.Tests.csproj", "{1A86AA62-3302-48B3-8EFD-3F1D657B2CDA}"
EndProject
Global
	GlobalSection(SolutionConfigurationPlatforms) = preSolution
		Debug|Any CPU = Debug|Any CPU
		Release|Any CPU = Release|Any CPU
	EndGlobalSection
	GlobalSection(SolutionProperties) = preSolution
		HideSolutionNode = FALSE
	EndGlobalSection
	GlobalSection(ProjectConfigurationPlatforms) = postSolution
		{F1939D00-0446-4D5F-9FDA-B4CCA63816DF}.Debug|Any CPU.ActiveCfg = Debug|Any CPU
		{F1939D00-0446-4D5F-9FDA-B4CCA63816DF}.Debug|Any CPU.Build.0 = Debug|Any CPU
		{F1939D00-0446-4D5F-9FDA-B4CCA63816DF}.Release|Any CPU.ActiveCfg = Release|Any CPU
		{F1939D00-0446-4D5F-9FDA-B4CCA63816DF}.Release|Any CPU.Build.0 = Release|Any CPU
		{B1346429-C16D-4AFE-BFF2-ADC8C1937878}.Debug|Any CPU.ActiveCfg = Debug|Any CPU
		{B1346429-C16D-4AFE-BFF2-ADC8C1937878}.Debug|Any CPU.Build.0 = Debug|Any CPU
		{B1346429-C16D-4AFE-BFF2-ADC8C1937878}.Release|Any CPU.ActiveCfg = Release|Any CPU
		{B1346429-C16D-4AFE-BFF2-ADC8C1937878}.Release|Any CPU.Build.0 = Release|Any CPU
		{1A86AA62-3302-48B3-8EFD-3F1D657B2CDA}.Debug|Any CPU.ActiveCfg = Debug|Any CPU
		{1A86AA62-3302-48B3-8EFD-3F1D657B2CDA}.Debug|Any CPU.Build.0 = Debug|Any CPU
		{1A86AA62-3302-48B3-8EFD-3F1D657B2CDA}.Release|Any CPU.ActiveCfg = Release|Any CPU
		{1A86AA62-3302-48B3-8EFD-3F1D657B2CDA}.Release|Any CPU.Build.0 = Release|Any CPU
	EndGlobalSection
	GlobalSection(NestedProjects) = preSolution
		{F1939D00-0446-4D5F-9FDA-B4CCA63816DF} = {EC7E6E92-022A-454B-AA75-D4689B59275F}
		{B1346429-C16D-4AFE-BFF2-ADC8C1937878} = {EC7E6E92-022A-454B-AA75-D4689B59275F}
		{1A86AA62-3302-48B3-8EFD-3F1D657B2CDA} = {EF103BD6-54F8-4F2F-994D-62C0189F3915}
	EndGlobalSection
EndGlobal
